// !$*UTF8*$!
{
	archiveVersion = 1;
	classes = {
	};
	objectVersion = 46;
	objects = {

/* Begin PBXAggregateTarget section */
		54B6EE7A478C4E46BBB629A4 /* ZERO_CHECK */ = {
			isa = PBXAggregateTarget;
			buildConfigurationList = CCB525C5F4244343B6E947D8 /* Build configuration list for PBXAggregateTarget "ZERO_CHECK" */;
			buildPhases = (
				204B0CE8217C4659BE95017B /* CMake Rules */,
			);
			dependencies = (
			);
			name = ZERO_CHECK;
			productName = ZERO_CHECK;
		};
		EA5F0807C50E4924907CEC7F /* ALL_BUILD */ = {
			isa = PBXAggregateTarget;
			buildConfigurationList = 663543EB7B534BFD8B9D5311 /* Build configuration list for PBXAggregateTarget "ALL_BUILD" */;
			buildPhases = (
				0DA1E077CA004DA8B85DEB45 /* CMake Rules */,
			);
			dependencies = (
				79401466EA314260BB1C0230 /* PBXTargetDependency */,
				F85EBE9D96F04DF8AFE6209E /* PBXTargetDependency */,
			);
			name = ALL_BUILD;
			productName = ALL_BUILD;
		};
/* End PBXAggregateTarget section */

/* Begin PBXBuildFile section */
		1026FD58523F4455B825CBD4 /* /Users/dylanhecht/Documents/GitHub/module-volumetric-models-team-c/voxel_view/qbvoxel/CMakeLists.txt */ = {isa = PBXBuildFile; fileRef = 706F83824E7940B8927B853B /* /Users/dylanhecht/Documents/GitHub/module-volumetric-models-team-c/voxel_view/qbvoxel/CMakeLists.txt */; };
		635F92967EDC4397AE4E0B78 /* /Users/dylanhecht/Documents/GitHub/module-volumetric-models-team-c/voxel_view/qbvoxel/include/qbvoxel/api.h */ = {isa = PBXBuildFile; fileRef = 74CA956385C64F28BB6A0F13 /* /Users/dylanhecht/Documents/GitHub/module-volumetric-models-team-c/voxel_view/qbvoxel/include/qbvoxel/api.h */; };
		74F251FE0CE942AE8514BDBE /* /Users/dylanhecht/Documents/GitHub/module-volumetric-models-team-c/voxel_view/qbvoxel/src/qbvoxel/api.c */ = {isa = PBXBuildFile; fileRef = BD5981FDCD0F4839998E54EC /* /Users/dylanhecht/Documents/GitHub/module-volumetric-models-team-c/voxel_view/qbvoxel/src/qbvoxel/api.c */; };
		838330C888A6443BA6F12D72 /* /Users/dylanhecht/Documents/GitHub/module-volumetric-models-team-c/voxel_view/qbvoxel/src/qbvoxel/parse.c */ = {isa = PBXBuildFile; fileRef = 011995F3E71445DDA634E5C4 /* /Users/dylanhecht/Documents/GitHub/module-volumetric-models-team-c/voxel_view/qbvoxel/src/qbvoxel/parse.c */; };
		AFC871672E8A40DC9999F372 /* /Users/dylanhecht/Documents/GitHub/module-volumetric-models-team-c/voxel_view/qbvoxel/include/qbvoxel/parse.h */ = {isa = PBXBuildFile; fileRef = 4EE77519D6F646559E026A79 /* /Users/dylanhecht/Documents/GitHub/module-volumetric-models-team-c/voxel_view/qbvoxel/include/qbvoxel/parse.h */; };
/* End PBXBuildFile section */

/* Begin PBXBuildStyle section */
		5F5AC39AE5064A06AD2EB8DE /* Release */ = {
			isa = PBXBuildStyle;
			buildSettings = {
				COPY_PHASE_STRIP = NO;
			};
			name = Release;
		};
		890C6DBBDEEB41438ABEB368 /* MinSizeRel */ = {
			isa = PBXBuildStyle;
			buildSettings = {
				COPY_PHASE_STRIP = NO;
			};
			name = MinSizeRel;
		};
		8A6E8C92998C40CABBA3AFD9 /* RelWithDebInfo */ = {
			isa = PBXBuildStyle;
			buildSettings = {
				COPY_PHASE_STRIP = NO;
			};
			name = RelWithDebInfo;
		};
		E35B4E0FDFD3478C9B616993 /* Debug */ = {
			isa = PBXBuildStyle;
			buildSettings = {
				COPY_PHASE_STRIP = NO;
			};
			name = Debug;
		};
/* End PBXBuildStyle section */

/* Begin PBXContainerItemProxy section */
		37247552967C448CB05664CF /* PBXContainerItemProxy */ = {
			isa = PBXContainerItemProxy;
			containerPortal = 0BF6E9696FDD4723A403D2F7 /* Project object */;
			proxyType = 1;
			remoteGlobalIDString = F5C2888EE2FA4A4F9650393A;
			remoteInfo = qbvoxel;
		};
		59D8875FA0E34336889E7642 /* PBXContainerItemProxy */ = {
			isa = PBXContainerItemProxy;
			containerPortal = 0BF6E9696FDD4723A403D2F7 /* Project object */;
			proxyType = 1;
			remoteGlobalIDString = 54B6EE7A478C4E46BBB629A4;
			remoteInfo = ZERO_CHECK;
		};
		A2828DCAE5E74236BB6B1D36 /* PBXContainerItemProxy */ = {
			isa = PBXContainerItemProxy;
			containerPortal = 0BF6E9696FDD4723A403D2F7 /* Project object */;
			proxyType = 1;
			remoteGlobalIDString = 54B6EE7A478C4E46BBB629A4;
			remoteInfo = ZERO_CHECK;
		};
/* End PBXContainerItemProxy section */

/* Begin PBXFileReference section */
		011995F3E71445DDA634E5C4 /* /Users/dylanhecht/Documents/GitHub/module-volumetric-models-team-c/voxel_view/qbvoxel/src/qbvoxel/parse.c */ = {isa = PBXFileReference; explicitFileType = sourcecode.c.c; fileEncoding = 4; name = parse.c; path = src/qbvoxel/parse.c; sourceTree = SOURCE_ROOT; };
		4EE77519D6F646559E026A79 /* /Users/dylanhecht/Documents/GitHub/module-volumetric-models-team-c/voxel_view/qbvoxel/include/qbvoxel/parse.h */ = {isa = PBXFileReference; explicitFileType = sourcecode.c.h; fileEncoding = 4; name = parse.h; path = include/qbvoxel/parse.h; sourceTree = SOURCE_ROOT; };
		6E3A626CB2B14CCCAA0ABB7E /* /Users/dylanhecht/Documents/GitHub/module-volumetric-models-team-c/voxel_view/qbvoxel/CMakeLists.txt */ = {isa = PBXFileReference; explicitFileType = sourcecode.text; fileEncoding = 4; name = CMakeLists.txt; path = CMakeLists.txt; sourceTree = SOURCE_ROOT; };
		706F83824E7940B8927B853B /* /Users/dylanhecht/Documents/GitHub/module-volumetric-models-team-c/voxel_view/qbvoxel/CMakeLists.txt */ = {isa = PBXFileReference; explicitFileType = sourcecode.text; fileEncoding = 4; name = CMakeLists.txt; path = CMakeLists.txt; sourceTree = SOURCE_ROOT; };
		74CA956385C64F28BB6A0F13 /* /Users/dylanhecht/Documents/GitHub/module-volumetric-models-team-c/voxel_view/qbvoxel/include/qbvoxel/api.h */ = {isa = PBXFileReference; explicitFileType = sourcecode.c.h; fileEncoding = 4; name = api.h; path = include/qbvoxel/api.h; sourceTree = SOURCE_ROOT; };
		BD5981FDCD0F4839998E54EC /* /Users/dylanhecht/Documents/GitHub/module-volumetric-models-team-c/voxel_view/qbvoxel/src/qbvoxel/api.c */ = {isa = PBXFileReference; explicitFileType = sourcecode.c.c; fileEncoding = 4; name = api.c; path = src/qbvoxel/api.c; sourceTree = SOURCE_ROOT; };
		F76EAC55E7CB4E9D9ED98441 /* qbvoxel */ = {isa = PBXFileReference; explicitFileType = archive.ar; path = libqbvoxel.a; sourceTree = BUILT_PRODUCTS_DIR; };
/* End PBXFileReference section */

/* Begin PBXGroup section */
		034DDE53E5154F1D97FB07CD /* Source Files */ = {
			isa = PBXGroup;
			children = (
				BD5981FDCD0F4839998E54EC /* /Users/dylanhecht/Documents/GitHub/module-volumetric-models-team-c/voxel_view/qbvoxel/src/qbvoxel/api.c */,
				011995F3E71445DDA634E5C4 /* /Users/dylanhecht/Documents/GitHub/module-volumetric-models-team-c/voxel_view/qbvoxel/src/qbvoxel/parse.c */,
			);
			name = "Source Files";
			sourceTree = "<group>";
		};
		2526EB94FA984BAC9B26E794 = {
			isa = PBXGroup;
			children = (
				D455787F4EC645C1BF9B3D79 /* qbvoxel */,
				542F025DDA8C4895AA9E73CF /* ALL_BUILD */,
				2B5AF58EF3EC48679C6C3E67 /* Products */,
			);
			sourceTree = "<group>";
		};
		2B5AF58EF3EC48679C6C3E67 /* Products */ = {
			isa = PBXGroup;
			children = (
				F76EAC55E7CB4E9D9ED98441 /* qbvoxel */,
			);
			name = Products;
			sourceTree = "<group>";
		};
		542F025DDA8C4895AA9E73CF /* ALL_BUILD */ = {
			isa = PBXGroup;
			children = (
				88214FA46BF54F00B852DFBE /* CMake Rules */,
				6E3A626CB2B14CCCAA0ABB7E /* /Users/dylanhecht/Documents/GitHub/module-volumetric-models-team-c/voxel_view/qbvoxel/CMakeLists.txt */,
			);
			name = ALL_BUILD;
			sourceTree = "<group>";
		};
		88214FA46BF54F00B852DFBE /* CMake Rules */ = {
			isa = PBXGroup;
			children = (
			);
			name = "CMake Rules";
			sourceTree = "<group>";
		};
		D455787F4EC645C1BF9B3D79 /* qbvoxel */ = {
			isa = PBXGroup;
			children = (
				F1FD735CEB26445E86C81781 /* Header Files */,
				034DDE53E5154F1D97FB07CD /* Source Files */,
				706F83824E7940B8927B853B /* /Users/dylanhecht/Documents/GitHub/module-volumetric-models-team-c/voxel_view/qbvoxel/CMakeLists.txt */,
			);
			name = qbvoxel;
			sourceTree = "<group>";
		};
		F1FD735CEB26445E86C81781 /* Header Files */ = {
			isa = PBXGroup;
			children = (
				74CA956385C64F28BB6A0F13 /* /Users/dylanhecht/Documents/GitHub/module-volumetric-models-team-c/voxel_view/qbvoxel/include/qbvoxel/api.h */,
				4EE77519D6F646559E026A79 /* /Users/dylanhecht/Documents/GitHub/module-volumetric-models-team-c/voxel_view/qbvoxel/include/qbvoxel/parse.h */,
			);
			name = "Header Files";
			sourceTree = "<group>";
		};
/* End PBXGroup section */

/* Begin PBXNativeTarget section */
		F5C2888EE2FA4A4F9650393A /* qbvoxel */ = {
			isa = PBXNativeTarget;
			buildConfigurationList = 4115B96555CA43DAAA05E5D0 /* Build configuration list for PBXNativeTarget "qbvoxel" */;
			buildPhases = (
				47B50732D3A945A8A4E1F8B8 /* Sources */,
			);
			buildRules = (
			);
			dependencies = (
				6148016EB05A4137AF816935 /* PBXTargetDependency */,
			);
			name = qbvoxel;
			productName = qbvoxel;
			productReference = F76EAC55E7CB4E9D9ED98441 /* qbvoxel */;
			productType = "com.apple.product-type.library.static";
		};
/* End PBXNativeTarget section */

/* Begin PBXProject section */
		0BF6E9696FDD4723A403D2F7 /* Project object */ = {
			isa = PBXProject;
			attributes = {
				BuildIndependentTargetsInParallel = YES;
				LastUpgradeCheck = 1160;
			};
			buildConfigurationList = B6B1B8F6010344E09AB4CA61 /* Build configuration list for PBXProject "QBVoxel" */;
			buildSettings = {
			};
			buildStyles = (
				E35B4E0FDFD3478C9B616993 /* Debug */,
				5F5AC39AE5064A06AD2EB8DE /* Release */,
				890C6DBBDEEB41438ABEB368 /* MinSizeRel */,
				8A6E8C92998C40CABBA3AFD9 /* RelWithDebInfo */,
			);
			compatibilityVersion = "Xcode 3.2";
			hasScannedForEncodings = 0;
			mainGroup = 2526EB94FA984BAC9B26E794;
			projectDirPath = ../../qbvoxel;
			projectRoot = "";
			targets = (
				EA5F0807C50E4924907CEC7F /* ALL_BUILD */,
				54B6EE7A478C4E46BBB629A4 /* ZERO_CHECK */,
				F5C2888EE2FA4A4F9650393A /* qbvoxel */,
			);
		};
/* End PBXProject section */

/* Begin PBXShellScriptBuildPhase section */
		0DA1E077CA004DA8B85DEB45 /* CMake Rules */ = {
			isa = PBXShellScriptBuildPhase;
			buildActionMask = 2147483647;
			files = (
			);
			name = "CMake Rules";
			runOnlyForDeploymentPostprocessing = 0;
			shellPath = /bin/sh;
			shellScript = "make -C /Users/dylanhecht/Documents/GitHub/module-volumetric-models-team-c/voxel_view/builddh/qbvoxel -f /Users/dylanhecht/Documents/GitHub/module-volumetric-models-team-c/voxel_view/builddh/qbvoxel/CMakeScripts/ALL_BUILD_cmakeRulesBuildPhase.make$CONFIGURATION OBJDIR=$(basename \"$OBJECT_FILE_DIR_normal\") all";
			showEnvVarsInLog = 0;
		};
		204B0CE8217C4659BE95017B /* CMake Rules */ = {
			isa = PBXShellScriptBuildPhase;
			buildActionMask = 2147483647;
			files = (
			);
			name = "CMake Rules";
			runOnlyForDeploymentPostprocessing = 0;
			shellPath = /bin/sh;
			shellScript = "make -C /Users/dylanhecht/Documents/GitHub/module-volumetric-models-team-c/voxel_view/builddh/qbvoxel -f /Users/dylanhecht/Documents/GitHub/module-volumetric-models-team-c/voxel_view/builddh/qbvoxel/CMakeScripts/ZERO_CHECK_cmakeRulesBuildPhase.make$CONFIGURATION OBJDIR=$(basename \"$OBJECT_FILE_DIR_normal\") all";
			showEnvVarsInLog = 0;
		};
		9E04183CC19640479B4E65EE = {
			isa = PBXShellScriptBuildPhase;
			buildActionMask = 2147483647;
			files = (
			);
			inputPaths = (
			);
			outputPaths = (
			);
			runOnlyForDeploymentPostprocessing = 0;
			shellPath = /bin/sh;
			shellScript = "# shell script goes here
exit 0";
			showEnvVarsInLog = 0;
		};
		CF4B1697D69845038847B478 = {
			isa = PBXShellScriptBuildPhase;
			buildActionMask = 2147483647;
			files = (
			);
			inputPaths = (
			);
			outputPaths = (
			);
			runOnlyForDeploymentPostprocessing = 0;
			shellPath = /bin/sh;
			shellScript = "# shell script goes here
exit 0";
			showEnvVarsInLog = 0;
		};
/* End PBXShellScriptBuildPhase section */

/* Begin PBXSourcesBuildPhase section */
		47B50732D3A945A8A4E1F8B8 /* Sources */ = {
			isa = PBXSourcesBuildPhase;
			buildActionMask = 2147483647;
			files = (
				74F251FE0CE942AE8514BDBE /* /Users/dylanhecht/Documents/GitHub/module-volumetric-models-team-c/voxel_view/qbvoxel/src/qbvoxel/api.c */,
				838330C888A6443BA6F12D72 /* /Users/dylanhecht/Documents/GitHub/module-volumetric-models-team-c/voxel_view/qbvoxel/src/qbvoxel/parse.c */,
			);
			runOnlyForDeploymentPostprocessing = 0;
		};
/* End PBXSourcesBuildPhase section */

/* Begin PBXTargetDependency section */
		6148016EB05A4137AF816935 /* PBXTargetDependency */ = {
			isa = PBXTargetDependency;
			target = 54B6EE7A478C4E46BBB629A4 /* ZERO_CHECK */;
			targetProxy = 59D8875FA0E34336889E7642 /* PBXContainerItemProxy */;
		};
		79401466EA314260BB1C0230 /* PBXTargetDependency */ = {
			isa = PBXTargetDependency;
			target = 54B6EE7A478C4E46BBB629A4 /* ZERO_CHECK */;
			targetProxy = A2828DCAE5E74236BB6B1D36 /* PBXContainerItemProxy */;
		};
		F85EBE9D96F04DF8AFE6209E /* PBXTargetDependency */ = {
			isa = PBXTargetDependency;
			target = F5C2888EE2FA4A4F9650393A /* qbvoxel */;
			targetProxy = 37247552967C448CB05664CF /* PBXContainerItemProxy */;
		};
/* End PBXTargetDependency section */

/* Begin XCBuildConfiguration section */
		320E71B829EF4EB49DBD4602 /* RelWithDebInfo */ = {
			isa = XCBuildConfiguration;
			buildSettings = {
				COMBINE_HIDPI_IMAGES = YES;
				GCC_GENERATE_DEBUGGING_SYMBOLS = YES;
				GCC_INLINES_ARE_PRIVATE_EXTERN = NO;
				GCC_OPTIMIZATION_LEVEL = 0;
				GCC_PREPROCESSOR_DEFINITIONS = ("'CMAKE_INTDIR=\"$(CONFIGURATION)$(EFFECTIVE_PLATFORM_NAME)\"'");
				GCC_SYMBOLS_PRIVATE_EXTERN = NO;
				INSTALL_PATH = "";
				OTHER_LDFLAGS = " ";
				OTHER_REZFLAGS = "";
				PRODUCT_NAME = ALL_BUILD;
				SECTORDER_FLAGS = "";
				SYMROOT = "/Users/dylanhecht/Documents/GitHub/module-volumetric-models-team-c/voxel_view/builddh/qbvoxel";
				USE_HEADERMAP = NO;
				WARNING_CFLAGS = ("$(inherited)");
			};
			name = RelWithDebInfo;
		};
		3AFA4E5D0E90424B856D83AF /* Release */ = {
			isa = XCBuildConfiguration;
			buildSettings = {
				ARCHS = "$(NATIVE_ARCH_ACTUAL)";
				ONLY_ACTIVE_ARCH = YES;
				SDKROOT = /Applications/Xcode.app/Contents/Developer/Platforms/MacOSX.platform/Developer/SDKs/MacOSX10.15.sdk;
				SYMROOT = "/Users/dylanhecht/Documents/GitHub/module-volumetric-models-team-c/voxel_view/builddh/qbvoxel/build";
			};
			name = Release;
		};
		47E5CC5E6A7F4D5EB24E6FCC /* Release */ = {
			isa = XCBuildConfiguration;
			buildSettings = {
				COMBINE_HIDPI_IMAGES = YES;
				GCC_GENERATE_DEBUGGING_SYMBOLS = YES;
				GCC_INLINES_ARE_PRIVATE_EXTERN = NO;
				GCC_OPTIMIZATION_LEVEL = 0;
				GCC_PREPROCESSOR_DEFINITIONS = ("'CMAKE_INTDIR=\"$(CONFIGURATION)$(EFFECTIVE_PLATFORM_NAME)\"'");
				GCC_SYMBOLS_PRIVATE_EXTERN = NO;
				INSTALL_PATH = "";
				OTHER_LDFLAGS = " ";
				OTHER_REZFLAGS = "";
				PRODUCT_NAME = ZERO_CHECK;
				SECTORDER_FLAGS = "";
				SYMROOT = "/Users/dylanhecht/Documents/GitHub/module-volumetric-models-team-c/voxel_view/builddh/qbvoxel";
				USE_HEADERMAP = NO;
				WARNING_CFLAGS = ("$(inherited)");
			};
			name = Release;
		};
		5C1814BDBDAD4F69B49E5929 /* MinSizeRel */ = {
			isa = XCBuildConfiguration;
			buildSettings = {
				COMBINE_HIDPI_IMAGES = YES;
				EXECUTABLE_PREFIX = lib;
				EXECUTABLE_SUFFIX = .a;
				GCC_GENERATE_DEBUGGING_SYMBOLS = NO;
				GCC_INLINES_ARE_PRIVATE_EXTERN = NO;
				GCC_OPTIMIZATION_LEVEL = s;
				GCC_PREPROCESSOR_DEFINITIONS = ("'CMAKE_INTDIR=\"$(CONFIGURATION)$(EFFECTIVE_PLATFORM_NAME)\"'");
				GCC_SYMBOLS_PRIVATE_EXTERN = NO;
				HEADER_SEARCH_PATHS = ("/Users/dylanhecht/Documents/GitHub/module-volumetric-models-team-c/voxel_view/glfw-3.2/deps","/Users/dylanhecht/Documents/GitHub/module-volumetric-models-team-c/voxel_view/qbvoxel/include","/Users/dylanhecht/Documents/GitHub/module-volumetric-models-team-c/voxel_view/glfw-3.2/include");
				INSTALL_PATH = "";
				LIBRARY_STYLE = STATIC;
				OTHER_CFLAGS = "    -DNDEBUG ";
				OTHER_LIBTOOLFLAGS = " ";
				OTHER_REZFLAGS = "";
				PRODUCT_NAME = qbvoxel;
				SECTORDER_FLAGS = "";
				SYMROOT = "/Users/dylanhecht/Documents/GitHub/module-volumetric-models-team-c/voxel_view/builddh/qbvoxel";
				USE_HEADERMAP = NO;
				WARNING_CFLAGS = ("$(inherited)");
			};
			name = MinSizeRel;
		};
		6546373EB4E94FB898D776D6 /* Debug */ = {
			isa = XCBuildConfiguration;
			buildSettings = {
				COMBINE_HIDPI_IMAGES = YES;
				GCC_GENERATE_DEBUGGING_SYMBOLS = YES;
				GCC_INLINES_ARE_PRIVATE_EXTERN = NO;
				GCC_OPTIMIZATION_LEVEL = 0;
				GCC_PREPROCESSOR_DEFINITIONS = ("'CMAKE_INTDIR=\"$(CONFIGURATION)$(EFFECTIVE_PLATFORM_NAME)\"'");
				GCC_SYMBOLS_PRIVATE_EXTERN = NO;
				INSTALL_PATH = "";
				OTHER_LDFLAGS = " ";
				OTHER_REZFLAGS = "";
				PRODUCT_NAME = ALL_BUILD;
				SECTORDER_FLAGS = "";
				SYMROOT = "/Users/dylanhecht/Documents/GitHub/module-volumetric-models-team-c/voxel_view/builddh/qbvoxel";
				USE_HEADERMAP = NO;
				WARNING_CFLAGS = ("$(inherited)");
			};
			name = Debug;
		};
		684D69FDFC534850AB056A2C /* Debug */ = {
			isa = XCBuildConfiguration;
			buildSettings = {
				COMBINE_HIDPI_IMAGES = YES;
				GCC_GENERATE_DEBUGGING_SYMBOLS = YES;
				GCC_INLINES_ARE_PRIVATE_EXTERN = NO;
				GCC_OPTIMIZATION_LEVEL = 0;
				GCC_PREPROCESSOR_DEFINITIONS = ("'CMAKE_INTDIR=\"$(CONFIGURATION)$(EFFECTIVE_PLATFORM_NAME)\"'");
				GCC_SYMBOLS_PRIVATE_EXTERN = NO;
				INSTALL_PATH = "";
				OTHER_LDFLAGS = " ";
				OTHER_REZFLAGS = "";
				PRODUCT_NAME = ZERO_CHECK;
				SECTORDER_FLAGS = "";
				SYMROOT = "/Users/dylanhecht/Documents/GitHub/module-volumetric-models-team-c/voxel_view/builddh/qbvoxel";
				USE_HEADERMAP = NO;
				WARNING_CFLAGS = ("$(inherited)");
			};
			name = Debug;
		};
		6D4D40DA87654955BD769691 /* MinSizeRel */ = {
			isa = XCBuildConfiguration;
			buildSettings = {
				ARCHS = "$(NATIVE_ARCH_ACTUAL)";
				ONLY_ACTIVE_ARCH = YES;
				SDKROOT = /Applications/Xcode.app/Contents/Developer/Platforms/MacOSX.platform/Developer/SDKs/MacOSX10.15.sdk;
				SYMROOT = "/Users/dylanhecht/Documents/GitHub/module-volumetric-models-team-c/voxel_view/builddh/qbvoxel/build";
			};
			name = MinSizeRel;
		};
		7A256781FE5141F49995EF74 /* MinSizeRel */ = {
			isa = XCBuildConfiguration;
			buildSettings = {
				COMBINE_HIDPI_IMAGES = YES;
				GCC_GENERATE_DEBUGGING_SYMBOLS = YES;
				GCC_INLINES_ARE_PRIVATE_EXTERN = NO;
				GCC_OPTIMIZATION_LEVEL = 0;
				GCC_PREPROCESSOR_DEFINITIONS = ("'CMAKE_INTDIR=\"$(CONFIGURATION)$(EFFECTIVE_PLATFORM_NAME)\"'");
				GCC_SYMBOLS_PRIVATE_EXTERN = NO;
				INSTALL_PATH = "";
				OTHER_LDFLAGS = " ";
				OTHER_REZFLAGS = "";
				PRODUCT_NAME = ALL_BUILD;
				SECTORDER_FLAGS = "";
				SYMROOT = "/Users/dylanhecht/Documents/GitHub/module-volumetric-models-team-c/voxel_view/builddh/qbvoxel";
				USE_HEADERMAP = NO;
				WARNING_CFLAGS = ("$(inherited)");
			};
			name = MinSizeRel;
		};
		8FFD7343E0B34972AB6A7E8E /* RelWithDebInfo */ = {
			isa = XCBuildConfiguration;
			buildSettings = {
				COMBINE_HIDPI_IMAGES = YES;
				GCC_GENERATE_DEBUGGING_SYMBOLS = YES;
				GCC_INLINES_ARE_PRIVATE_EXTERN = NO;
				GCC_OPTIMIZATION_LEVEL = 0;
				GCC_PREPROCESSOR_DEFINITIONS = ("'CMAKE_INTDIR=\"$(CONFIGURATION)$(EFFECTIVE_PLATFORM_NAME)\"'");
				GCC_SYMBOLS_PRIVATE_EXTERN = NO;
				INSTALL_PATH = "";
				OTHER_LDFLAGS = " ";
				OTHER_REZFLAGS = "";
				PRODUCT_NAME = ZERO_CHECK;
				SECTORDER_FLAGS = "";
				SYMROOT = "/Users/dylanhecht/Documents/GitHub/module-volumetric-models-team-c/voxel_view/builddh/qbvoxel";
				USE_HEADERMAP = NO;
				WARNING_CFLAGS = ("$(inherited)");
			};
			name = RelWithDebInfo;
		};
		9AA70BB522264B5A97C3BBC9 /* MinSizeRel */ = {
			isa = XCBuildConfiguration;
			buildSettings = {
				COMBINE_HIDPI_IMAGES = YES;
				GCC_GENERATE_DEBUGGING_SYMBOLS = YES;
				GCC_INLINES_ARE_PRIVATE_EXTERN = NO;
				GCC_OPTIMIZATION_LEVEL = 0;
				GCC_PREPROCESSOR_DEFINITIONS = ("'CMAKE_INTDIR=\"$(CONFIGURATION)$(EFFECTIVE_PLATFORM_NAME)\"'");
				GCC_SYMBOLS_PRIVATE_EXTERN = NO;
				INSTALL_PATH = "";
				OTHER_LDFLAGS = " ";
				OTHER_REZFLAGS = "";
				PRODUCT_NAME = ZERO_CHECK;
				SECTORDER_FLAGS = "";
				SYMROOT = "/Users/dylanhecht/Documents/GitHub/module-volumetric-models-team-c/voxel_view/builddh/qbvoxel";
				USE_HEADERMAP = NO;
				WARNING_CFLAGS = ("$(inherited)");
			};
			name = MinSizeRel;
		};
		9B8DC19C1DB8458686F28D18 /* Debug */ = {
			isa = XCBuildConfiguration;
			buildSettings = {
				ARCHS = "$(NATIVE_ARCH_ACTUAL)";
				ONLY_ACTIVE_ARCH = YES;
				SDKROOT = /Applications/Xcode.app/Contents/Developer/Platforms/MacOSX.platform/Developer/SDKs/MacOSX10.15.sdk;
				SYMROOT = "/Users/dylanhecht/Documents/GitHub/module-volumetric-models-team-c/voxel_view/builddh/qbvoxel/build";
			};
			name = Debug;
		};
		9DF54F92B668409DB1BEDF37 /* Debug */ = {
			isa = XCBuildConfiguration;
			buildSettings = {
				COMBINE_HIDPI_IMAGES = YES;
				EXECUTABLE_PREFIX = lib;
				EXECUTABLE_SUFFIX = .a;
				GCC_GENERATE_DEBUGGING_SYMBOLS = YES;
				GCC_INLINES_ARE_PRIVATE_EXTERN = NO;
				GCC_OPTIMIZATION_LEVEL = 0;
				GCC_PREPROCESSOR_DEFINITIONS = ("'CMAKE_INTDIR=\"$(CONFIGURATION)$(EFFECTIVE_PLATFORM_NAME)\"'");
				GCC_SYMBOLS_PRIVATE_EXTERN = NO;
				HEADER_SEARCH_PATHS = ("/Users/dylanhecht/Documents/GitHub/module-volumetric-models-team-c/voxel_view/glfw-3.2/deps","/Users/dylanhecht/Documents/GitHub/module-volumetric-models-team-c/voxel_view/qbvoxel/include","/Users/dylanhecht/Documents/GitHub/module-volumetric-models-team-c/voxel_view/glfw-3.2/include");
				INSTALL_PATH = "";
				LIBRARY_STYLE = STATIC;
				OTHER_CFLAGS = "   ";
				OTHER_LIBTOOLFLAGS = " ";
				OTHER_REZFLAGS = "";
				PRODUCT_NAME = qbvoxel;
				SECTORDER_FLAGS = "";
				SYMROOT = "/Users/dylanhecht/Documents/GitHub/module-volumetric-models-team-c/voxel_view/builddh/qbvoxel";
				USE_HEADERMAP = NO;
				WARNING_CFLAGS = ("$(inherited)");
			};
			name = Debug;
		};
		A256FD8430B147B78D5FDA55 /* Release */ = {
			isa = XCBuildConfiguration;
			buildSettings = {
				COMBINE_HIDPI_IMAGES = YES;
				GCC_GENERATE_DEBUGGING_SYMBOLS = YES;
				GCC_INLINES_ARE_PRIVATE_EXTERN = NO;
				GCC_OPTIMIZATION_LEVEL = 0;
				GCC_PREPROCESSOR_DEFINITIONS = ("'CMAKE_INTDIR=\"$(CONFIGURATION)$(EFFECTIVE_PLATFORM_NAME)\"'");
				GCC_SYMBOLS_PRIVATE_EXTERN = NO;
				INSTALL_PATH = "";
				OTHER_LDFLAGS = " ";
				OTHER_REZFLAGS = "";
				PRODUCT_NAME = ALL_BUILD;
				SECTORDER_FLAGS = "";
				SYMROOT = "/Users/dylanhecht/Documents/GitHub/module-volumetric-models-team-c/voxel_view/builddh/qbvoxel";
				USE_HEADERMAP = NO;
				WARNING_CFLAGS = ("$(inherited)");
			};
			name = Release;
		};
		AE02F41DDB0E4448A04CEA2F /* Release */ = {
			isa = XCBuildConfiguration;
			buildSettings = {
				COMBINE_HIDPI_IMAGES = YES;
				EXECUTABLE_PREFIX = lib;
				EXECUTABLE_SUFFIX = .a;
				GCC_GENERATE_DEBUGGING_SYMBOLS = NO;
				GCC_INLINES_ARE_PRIVATE_EXTERN = NO;
				GCC_OPTIMIZATION_LEVEL = 3;
				GCC_PREPROCESSOR_DEFINITIONS = ("'CMAKE_INTDIR=\"$(CONFIGURATION)$(EFFECTIVE_PLATFORM_NAME)\"'");
				GCC_SYMBOLS_PRIVATE_EXTERN = NO;
				HEADER_SEARCH_PATHS = ("/Users/dylanhecht/Documents/GitHub/module-volumetric-models-team-c/voxel_view/glfw-3.2/deps","/Users/dylanhecht/Documents/GitHub/module-volumetric-models-team-c/voxel_view/qbvoxel/include","/Users/dylanhecht/Documents/GitHub/module-volumetric-models-team-c/voxel_view/glfw-3.2/include");
				INSTALL_PATH = "";
				LIBRARY_STYLE = STATIC;
				OTHER_CFLAGS = "    -DNDEBUG ";
				OTHER_LIBTOOLFLAGS = " ";
				OTHER_REZFLAGS = "";
				PRODUCT_NAME = qbvoxel;
				SECTORDER_FLAGS = "";
				SYMROOT = "/Users/dylanhecht/Documents/GitHub/module-volumetric-models-team-c/voxel_view/builddh/qbvoxel";
				USE_HEADERMAP = NO;
				WARNING_CFLAGS = ("$(inherited)");
			};
			name = Release;
		};
		B698976E64174CF8B0D82825 /* RelWithDebInfo */ = {
			isa = XCBuildConfiguration;
			buildSettings = {
				ARCHS = "$(NATIVE_ARCH_ACTUAL)";
				ONLY_ACTIVE_ARCH = YES;
				SDKROOT = /Applications/Xcode.app/Contents/Developer/Platforms/MacOSX.platform/Developer/SDKs/MacOSX10.15.sdk;
				SYMROOT = "/Users/dylanhecht/Documents/GitHub/module-volumetric-models-team-c/voxel_view/builddh/qbvoxel/build";
			};
			name = RelWithDebInfo;
		};
		BC858ACB8CC84E77BA4042C7 /* RelWithDebInfo */ = {
			isa = XCBuildConfiguration;
			buildSettings = {
				COMBINE_HIDPI_IMAGES = YES;
				EXECUTABLE_PREFIX = lib;
				EXECUTABLE_SUFFIX = .a;
				GCC_GENERATE_DEBUGGING_SYMBOLS = YES;
				GCC_INLINES_ARE_PRIVATE_EXTERN = NO;
				GCC_OPTIMIZATION_LEVEL = 2;
				GCC_PREPROCESSOR_DEFINITIONS = ("'CMAKE_INTDIR=\"$(CONFIGURATION)$(EFFECTIVE_PLATFORM_NAME)\"'");
				GCC_SYMBOLS_PRIVATE_EXTERN = NO;
				HEADER_SEARCH_PATHS = ("/Users/dylanhecht/Documents/GitHub/module-volumetric-models-team-c/voxel_view/glfw-3.2/deps","/Users/dylanhecht/Documents/GitHub/module-volumetric-models-team-c/voxel_view/qbvoxel/include","/Users/dylanhecht/Documents/GitHub/module-volumetric-models-team-c/voxel_view/glfw-3.2/include");
				INSTALL_PATH = "";
				LIBRARY_STYLE = STATIC;
				OTHER_CFLAGS = "       -DNDEBUG ";
				OTHER_LIBTOOLFLAGS = " ";
				OTHER_REZFLAGS = "";
				PRODUCT_NAME = qbvoxel;
				SECTORDER_FLAGS = "";
				SYMROOT = "/Users/dylanhecht/Documents/GitHub/module-volumetric-models-team-c/voxel_view/builddh/qbvoxel";
				USE_HEADERMAP = NO;
				WARNING_CFLAGS = ("$(inherited)");
			};
			name = RelWithDebInfo;
		};
/* End XCBuildConfiguration section */

/* Begin XCConfigurationList section */
		4115B96555CA43DAAA05E5D0 /* Build configuration list for PBXNativeTarget "qbvoxel" */ = {
			isa = XCConfigurationList;
			buildConfigurations = (
				9DF54F92B668409DB1BEDF37 /* Debug */,
				AE02F41DDB0E4448A04CEA2F /* Release */,
				5C1814BDBDAD4F69B49E5929 /* MinSizeRel */,
				BC858ACB8CC84E77BA4042C7 /* RelWithDebInfo */,
			);
			defaultConfigurationIsVisible = 0;
			defaultConfigurationName = Debug;
		};
		663543EB7B534BFD8B9D5311 /* Build configuration list for PBXAggregateTarget "ALL_BUILD" */ = {
			isa = XCConfigurationList;
			buildConfigurations = (
				6546373EB4E94FB898D776D6 /* Debug */,
				A256FD8430B147B78D5FDA55 /* Release */,
				7A256781FE5141F49995EF74 /* MinSizeRel */,
				320E71B829EF4EB49DBD4602 /* RelWithDebInfo */,
			);
			defaultConfigurationIsVisible = 0;
			defaultConfigurationName = Debug;
		};
		B6B1B8F6010344E09AB4CA61 /* Build configuration list for PBXProject "QBVoxel" */ = {
			isa = XCConfigurationList;
			buildConfigurations = (
				9B8DC19C1DB8458686F28D18 /* Debug */,
				3AFA4E5D0E90424B856D83AF /* Release */,
				6D4D40DA87654955BD769691 /* MinSizeRel */,
				B698976E64174CF8B0D82825 /* RelWithDebInfo */,
			);
			defaultConfigurationIsVisible = 0;
			defaultConfigurationName = Debug;
		};
		CCB525C5F4244343B6E947D8 /* Build configuration list for PBXAggregateTarget "ZERO_CHECK" */ = {
			isa = XCConfigurationList;
			buildConfigurations = (
				684D69FDFC534850AB056A2C /* Debug */,
				47E5CC5E6A7F4D5EB24E6FCC /* Release */,
				9AA70BB522264B5A97C3BBC9 /* MinSizeRel */,
				8FFD7343E0B34972AB6A7E8E /* RelWithDebInfo */,
			);
			defaultConfigurationIsVisible = 0;
			defaultConfigurationName = Debug;
		};
/* End XCConfigurationList section */
	};
	rootObject = 0BF6E9696FDD4723A403D2F7 /* Project object */;
}
