// !$*UTF8*$!
{
	archiveVersion = 1;
	classes = {
	};
	objectVersion = 46;
	objects = {

/* Begin PBXAggregateTarget section */
		AC7BD5AF1BEB4A3BABEBF10B /* ZERO_CHECK */ = {
			isa = PBXAggregateTarget;
			buildConfigurationList = DB5763EF369E422FB76DB6E5 /* Build configuration list for PBXAggregateTarget "ZERO_CHECK" */;
			buildPhases = (
				52563EB0279F46A3AD49A7FE /* CMake Rules */,
			);
			dependencies = (
			);
			name = ZERO_CHECK;
			productName = ZERO_CHECK;
		};
		CB36818F543B4022AD7B9C18 /* ALL_BUILD */ = {
			isa = PBXAggregateTarget;
			buildConfigurationList = 731AFCB75B2C4519BF6F829D /* Build configuration list for PBXAggregateTarget "ALL_BUILD" */;
			buildPhases = (
				8AC535E5EEF346E2A6EA5DC3 /* CMake Rules */,
			);
			dependencies = (
				47AC876C65DF40899EF35B7B /* PBXTargetDependency */,
				15A8211B97A14CD18FCB791C /* PBXTargetDependency */,
			);
			name = ALL_BUILD;
			productName = ALL_BUILD;
		};
/* End PBXAggregateTarget section */

/* Begin PBXBuildFile section */
		206074C613B947728864E8E7 /* /Users/calderking/Documents/GitHub/module-volumetric-models-team-c/voxel_view/qbvoxel/src/qbvoxel/api.c */ = {isa = PBXBuildFile; fileRef = BEA9093BE13F4DBB9C493824 /* /Users/calderking/Documents/GitHub/module-volumetric-models-team-c/voxel_view/qbvoxel/src/qbvoxel/api.c */; };
		BD3FE3FF9C1B4F359DDF5126 /* /Users/calderking/Documents/GitHub/module-volumetric-models-team-c/voxel_view/qbvoxel/CMakeLists.txt */ = {isa = PBXBuildFile; fileRef = C5E0E508F4174D278B29AE73 /* /Users/calderking/Documents/GitHub/module-volumetric-models-team-c/voxel_view/qbvoxel/CMakeLists.txt */; };
		C19883670AD14A689260C1CB /* /Users/calderking/Documents/GitHub/module-volumetric-models-team-c/voxel_view/qbvoxel/include/qbvoxel/parse.h */ = {isa = PBXBuildFile; fileRef = 7AD7A4E9584A49419749A58E /* /Users/calderking/Documents/GitHub/module-volumetric-models-team-c/voxel_view/qbvoxel/include/qbvoxel/parse.h */; };
		C466E2E21FEC40EE8696D271 /* /Users/calderking/Documents/GitHub/module-volumetric-models-team-c/voxel_view/qbvoxel/src/qbvoxel/parse.c */ = {isa = PBXBuildFile; fileRef = E45EB1D850F34F5C87EAD147 /* /Users/calderking/Documents/GitHub/module-volumetric-models-team-c/voxel_view/qbvoxel/src/qbvoxel/parse.c */; };
		E3E0FD28C18C4C1A801E33ED /* /Users/calderking/Documents/GitHub/module-volumetric-models-team-c/voxel_view/qbvoxel/include/qbvoxel/api.h */ = {isa = PBXBuildFile; fileRef = E07E22CE3278416EA30977AC /* /Users/calderking/Documents/GitHub/module-volumetric-models-team-c/voxel_view/qbvoxel/include/qbvoxel/api.h */; };
/* End PBXBuildFile section */

/* Begin PBXBuildStyle section */
		19028A11484943FD843E37FE /* Release */ = {
			isa = PBXBuildStyle;
			buildSettings = {
				COPY_PHASE_STRIP = NO;
			};
			name = Release;
		};
		4E0731A304C3468D81FD6E36 /* Debug */ = {
			isa = PBXBuildStyle;
			buildSettings = {
				COPY_PHASE_STRIP = NO;
			};
			name = Debug;
		};
		850D84228F8C436CA972A3F4 /* MinSizeRel */ = {
			isa = PBXBuildStyle;
			buildSettings = {
				COPY_PHASE_STRIP = NO;
			};
			name = MinSizeRel;
		};
		A06B03B4BF294B2C8867F7B3 /* RelWithDebInfo */ = {
			isa = PBXBuildStyle;
			buildSettings = {
				COPY_PHASE_STRIP = NO;
			};
			name = RelWithDebInfo;
		};
/* End PBXBuildStyle section */

/* Begin PBXContainerItemProxy section */
		50515574596F47E2B1E7E84A /* PBXContainerItemProxy */ = {
			isa = PBXContainerItemProxy;
			containerPortal = DA310524752846D59F695958 /* Project object */;
			proxyType = 1;
			remoteGlobalIDString = AC7BD5AF1BEB4A3BABEBF10B;
			remoteInfo = ZERO_CHECK;
		};
		6FF3B1FF92CD4445A851AC52 /* PBXContainerItemProxy */ = {
			isa = PBXContainerItemProxy;
			containerPortal = DA310524752846D59F695958 /* Project object */;
			proxyType = 1;
			remoteGlobalIDString = 853D495FE6634908A6A344F7;
			remoteInfo = qbvoxel;
		};
		EAB0A59D7D0F4E39B38799F8 /* PBXContainerItemProxy */ = {
			isa = PBXContainerItemProxy;
			containerPortal = DA310524752846D59F695958 /* Project object */;
			proxyType = 1;
			remoteGlobalIDString = AC7BD5AF1BEB4A3BABEBF10B;
			remoteInfo = ZERO_CHECK;
		};
/* End PBXContainerItemProxy section */

/* Begin PBXFileReference section */
		7AD7A4E9584A49419749A58E /* /Users/calderking/Documents/GitHub/module-volumetric-models-team-c/voxel_view/qbvoxel/include/qbvoxel/parse.h */ = {isa = PBXFileReference; explicitFileType = sourcecode.c.h; fileEncoding = 4; name = parse.h; path = include/qbvoxel/parse.h; sourceTree = SOURCE_ROOT; };
		91A204EF6B274A0DAFD61DEA /* /Users/calderking/Documents/GitHub/module-volumetric-models-team-c/voxel_view/qbvoxel/CMakeLists.txt */ = {isa = PBXFileReference; explicitFileType = sourcecode.text; fileEncoding = 4; name = CMakeLists.txt; path = CMakeLists.txt; sourceTree = SOURCE_ROOT; };
		BEA9093BE13F4DBB9C493824 /* /Users/calderking/Documents/GitHub/module-volumetric-models-team-c/voxel_view/qbvoxel/src/qbvoxel/api.c */ = {isa = PBXFileReference; explicitFileType = sourcecode.c.c; fileEncoding = 4; name = api.c; path = src/qbvoxel/api.c; sourceTree = SOURCE_ROOT; };
		C5E0E508F4174D278B29AE73 /* /Users/calderking/Documents/GitHub/module-volumetric-models-team-c/voxel_view/qbvoxel/CMakeLists.txt */ = {isa = PBXFileReference; explicitFileType = sourcecode.text; fileEncoding = 4; name = CMakeLists.txt; path = CMakeLists.txt; sourceTree = SOURCE_ROOT; };
		E07E22CE3278416EA30977AC /* /Users/calderking/Documents/GitHub/module-volumetric-models-team-c/voxel_view/qbvoxel/include/qbvoxel/api.h */ = {isa = PBXFileReference; explicitFileType = sourcecode.c.h; fileEncoding = 4; name = api.h; path = include/qbvoxel/api.h; sourceTree = SOURCE_ROOT; };
		E1CF7192D105480BA576FAA7 /* qbvoxel */ = {isa = PBXFileReference; explicitFileType = archive.ar; path = libqbvoxel.a; sourceTree = BUILT_PRODUCTS_DIR; };
		E45EB1D850F34F5C87EAD147 /* /Users/calderking/Documents/GitHub/module-volumetric-models-team-c/voxel_view/qbvoxel/src/qbvoxel/parse.c */ = {isa = PBXFileReference; explicitFileType = sourcecode.c.c; fileEncoding = 4; name = parse.c; path = src/qbvoxel/parse.c; sourceTree = SOURCE_ROOT; };
/* End PBXFileReference section */

/* Begin PBXGroup section */
		083D22015DEC4A17BF26AED9 /* qbvoxel */ = {
			isa = PBXGroup;
			children = (
				1146E7C4141B4FA88918BEDE /* Header Files */,
				902605B0491647EDB8703A0C /* Source Files */,
				C5E0E508F4174D278B29AE73 /* /Users/calderking/Documents/GitHub/module-volumetric-models-team-c/voxel_view/qbvoxel/CMakeLists.txt */,
			);
			name = qbvoxel;
			sourceTree = "<group>";
		};
		1146E7C4141B4FA88918BEDE /* Header Files */ = {
			isa = PBXGroup;
			children = (
				E07E22CE3278416EA30977AC /* /Users/calderking/Documents/GitHub/module-volumetric-models-team-c/voxel_view/qbvoxel/include/qbvoxel/api.h */,
				7AD7A4E9584A49419749A58E /* /Users/calderking/Documents/GitHub/module-volumetric-models-team-c/voxel_view/qbvoxel/include/qbvoxel/parse.h */,
			);
			name = "Header Files";
			sourceTree = "<group>";
		};
		1921AD50B2714865B284D5EE /* Products */ = {
			isa = PBXGroup;
			children = (
				E1CF7192D105480BA576FAA7 /* qbvoxel */,
			);
			name = Products;
			sourceTree = "<group>";
		};
		1A6FD32E330945A48261BDBD /* CMake Rules */ = {
			isa = PBXGroup;
			children = (
			);
			name = "CMake Rules";
			sourceTree = "<group>";
		};
		5EDDDE02249C4878962772F3 /* ALL_BUILD */ = {
			isa = PBXGroup;
			children = (
				1A6FD32E330945A48261BDBD /* CMake Rules */,
				91A204EF6B274A0DAFD61DEA /* /Users/calderking/Documents/GitHub/module-volumetric-models-team-c/voxel_view/qbvoxel/CMakeLists.txt */,
			);
			name = ALL_BUILD;
			sourceTree = "<group>";
		};
		902605B0491647EDB8703A0C /* Source Files */ = {
			isa = PBXGroup;
			children = (
				BEA9093BE13F4DBB9C493824 /* /Users/calderking/Documents/GitHub/module-volumetric-models-team-c/voxel_view/qbvoxel/src/qbvoxel/api.c */,
				E45EB1D850F34F5C87EAD147 /* /Users/calderking/Documents/GitHub/module-volumetric-models-team-c/voxel_view/qbvoxel/src/qbvoxel/parse.c */,
			);
			name = "Source Files";
			sourceTree = "<group>";
		};
		AB2C11DF90D04B5E815876FA = {
			isa = PBXGroup;
			children = (
				083D22015DEC4A17BF26AED9 /* qbvoxel */,
				5EDDDE02249C4878962772F3 /* ALL_BUILD */,
				1921AD50B2714865B284D5EE /* Products */,
			);
			sourceTree = "<group>";
		};
/* End PBXGroup section */

/* Begin PBXNativeTarget section */
		853D495FE6634908A6A344F7 /* qbvoxel */ = {
			isa = PBXNativeTarget;
			buildConfigurationList = 63E654F90B9A44558FC43C64 /* Build configuration list for PBXNativeTarget "qbvoxel" */;
			buildPhases = (
				716773D0D19943E1AC505F20 /* Sources */,
			);
			buildRules = (
			);
			dependencies = (
				2A826E2D67F14F0CA901A66E /* PBXTargetDependency */,
			);
			name = qbvoxel;
			productName = qbvoxel;
			productReference = E1CF7192D105480BA576FAA7 /* qbvoxel */;
			productType = "com.apple.product-type.library.static";
		};
/* End PBXNativeTarget section */

/* Begin PBXProject section */
		DA310524752846D59F695958 /* Project object */ = {
			isa = PBXProject;
			attributes = {
				BuildIndependentTargetsInParallel = YES;
				LastUpgradeCheck = 1170;
			};
			buildConfigurationList = 3284773D1AAC44ED951E8BCF /* Build configuration list for PBXProject "QBVoxel" */;
			buildSettings = {
			};
			buildStyles = (
				4E0731A304C3468D81FD6E36 /* Debug */,
				19028A11484943FD843E37FE /* Release */,
				850D84228F8C436CA972A3F4 /* MinSizeRel */,
				A06B03B4BF294B2C8867F7B3 /* RelWithDebInfo */,
			);
			compatibilityVersion = "Xcode 3.2";
			hasScannedForEncodings = 0;
			mainGroup = AB2C11DF90D04B5E815876FA;
			projectDirPath = ../../qbvoxel;
			projectRoot = "";
			targets = (
				CB36818F543B4022AD7B9C18 /* ALL_BUILD */,
				AC7BD5AF1BEB4A3BABEBF10B /* ZERO_CHECK */,
				853D495FE6634908A6A344F7 /* qbvoxel */,
			);
		};
/* End PBXProject section */

/* Begin PBXShellScriptBuildPhase section */
		2C6AD4AB4FF04A419F63A070 = {
			isa = PBXShellScriptBuildPhase;
			buildActionMask = 2147483647;
			files = (
			);
			inputPaths = (
			);
			outputPaths = (
			);
			runOnlyForDeploymentPostprocessing = 0;
			shellPath = /bin/sh;
			shellScript = "# shell script goes here
exit 0";
			showEnvVarsInLog = 0;
		};
		52563EB0279F46A3AD49A7FE /* CMake Rules */ = {
			isa = PBXShellScriptBuildPhase;
			buildActionMask = 2147483647;
			files = (
			);
			name = "CMake Rules";
			runOnlyForDeploymentPostprocessing = 0;
			shellPath = /bin/sh;
			shellScript = "make -C /Users/calderking/Documents/GitHub/module-volumetric-models-team-c/voxel_view/buildck/qbvoxel -f /Users/calderking/Documents/GitHub/module-volumetric-models-team-c/voxel_view/buildck/qbvoxel/CMakeScripts/ZERO_CHECK_cmakeRulesBuildPhase.make$CONFIGURATION OBJDIR=$(basename \"$OBJECT_FILE_DIR_normal\") all";
			showEnvVarsInLog = 0;
		};
		8AC535E5EEF346E2A6EA5DC3 /* CMake Rules */ = {
			isa = PBXShellScriptBuildPhase;
			buildActionMask = 2147483647;
			files = (
			);
			name = "CMake Rules";
			runOnlyForDeploymentPostprocessing = 0;
			shellPath = /bin/sh;
			shellScript = "make -C /Users/calderking/Documents/GitHub/module-volumetric-models-team-c/voxel_view/buildck/qbvoxel -f /Users/calderking/Documents/GitHub/module-volumetric-models-team-c/voxel_view/buildck/qbvoxel/CMakeScripts/ALL_BUILD_cmakeRulesBuildPhase.make$CONFIGURATION OBJDIR=$(basename \"$OBJECT_FILE_DIR_normal\") all";
			showEnvVarsInLog = 0;
		};
		F811E17076C04B789C2B0999 = {
			isa = PBXShellScriptBuildPhase;
			buildActionMask = 2147483647;
			files = (
			);
			inputPaths = (
			);
			outputPaths = (
			);
			runOnlyForDeploymentPostprocessing = 0;
			shellPath = /bin/sh;
			shellScript = "# shell script goes here
exit 0";
			showEnvVarsInLog = 0;
		};
/* End PBXShellScriptBuildPhase section */

/* Begin PBXSourcesBuildPhase section */
		716773D0D19943E1AC505F20 /* Sources */ = {
			isa = PBXSourcesBuildPhase;
			buildActionMask = 2147483647;
			files = (
				206074C613B947728864E8E7 /* /Users/calderking/Documents/GitHub/module-volumetric-models-team-c/voxel_view/qbvoxel/src/qbvoxel/api.c */,
				C466E2E21FEC40EE8696D271 /* /Users/calderking/Documents/GitHub/module-volumetric-models-team-c/voxel_view/qbvoxel/src/qbvoxel/parse.c */,
			);
			runOnlyForDeploymentPostprocessing = 0;
		};
/* End PBXSourcesBuildPhase section */

/* Begin PBXTargetDependency section */
		15A8211B97A14CD18FCB791C /* PBXTargetDependency */ = {
			isa = PBXTargetDependency;
			target = 853D495FE6634908A6A344F7 /* qbvoxel */;
			targetProxy = 6FF3B1FF92CD4445A851AC52 /* PBXContainerItemProxy */;
		};
		2A826E2D67F14F0CA901A66E /* PBXTargetDependency */ = {
			isa = PBXTargetDependency;
			target = AC7BD5AF1BEB4A3BABEBF10B /* ZERO_CHECK */;
			targetProxy = 50515574596F47E2B1E7E84A /* PBXContainerItemProxy */;
		};
		47AC876C65DF40899EF35B7B /* PBXTargetDependency */ = {
			isa = PBXTargetDependency;
			target = AC7BD5AF1BEB4A3BABEBF10B /* ZERO_CHECK */;
			targetProxy = EAB0A59D7D0F4E39B38799F8 /* PBXContainerItemProxy */;
		};
/* End PBXTargetDependency section */

/* Begin XCBuildConfiguration section */
		0D0069E677AC41989DCE2FFA /* RelWithDebInfo */ = {
			isa = XCBuildConfiguration;
			buildSettings = {
				ARCHS = "$(NATIVE_ARCH_ACTUAL)";
				ONLY_ACTIVE_ARCH = YES;
				SDKROOT = /Applications/Xcode.app/Contents/Developer/Platforms/MacOSX.platform/Developer/SDKs/MacOSX10.15.sdk;
				SYMROOT = "/Users/calderking/Documents/GitHub/module-volumetric-models-team-c/voxel_view/buildck/qbvoxel/build";
			};
			name = RelWithDebInfo;
		};
		0F5D8614984F4E738EE1EE13 /* Release */ = {
			isa = XCBuildConfiguration;
			buildSettings = {
				COMBINE_HIDPI_IMAGES = YES;
				GCC_GENERATE_DEBUGGING_SYMBOLS = YES;
				GCC_INLINES_ARE_PRIVATE_EXTERN = NO;
				GCC_OPTIMIZATION_LEVEL = 0;
				GCC_PREPROCESSOR_DEFINITIONS = ("'CMAKE_INTDIR=\"$(CONFIGURATION)$(EFFECTIVE_PLATFORM_NAME)\"'");
				GCC_SYMBOLS_PRIVATE_EXTERN = NO;
				INSTALL_PATH = "";
				OTHER_LDFLAGS = " ";
				OTHER_REZFLAGS = "";
				PRODUCT_NAME = ALL_BUILD;
				SECTORDER_FLAGS = "";
				SYMROOT = "/Users/calderking/Documents/GitHub/module-volumetric-models-team-c/voxel_view/buildck/qbvoxel";
				USE_HEADERMAP = NO;
				WARNING_CFLAGS = ("$(inherited)");
			};
			name = Release;
		};
		1B170E02E8C4482EAB4D85A5 /* RelWithDebInfo */ = {
			isa = XCBuildConfiguration;
			buildSettings = {
				COMBINE_HIDPI_IMAGES = YES;
				GCC_GENERATE_DEBUGGING_SYMBOLS = YES;
				GCC_INLINES_ARE_PRIVATE_EXTERN = NO;
				GCC_OPTIMIZATION_LEVEL = 0;
				GCC_PREPROCESSOR_DEFINITIONS = ("'CMAKE_INTDIR=\"$(CONFIGURATION)$(EFFECTIVE_PLATFORM_NAME)\"'");
				GCC_SYMBOLS_PRIVATE_EXTERN = NO;
				INSTALL_PATH = "";
				OTHER_LDFLAGS = " ";
				OTHER_REZFLAGS = "";
				PRODUCT_NAME = ZERO_CHECK;
				SECTORDER_FLAGS = "";
				SYMROOT = "/Users/calderking/Documents/GitHub/module-volumetric-models-team-c/voxel_view/buildck/qbvoxel";
				USE_HEADERMAP = NO;
				WARNING_CFLAGS = ("$(inherited)");
			};
			name = RelWithDebInfo;
		};
		216EF8BC0EEF4088A9314CC8 /* Debug */ = {
			isa = XCBuildConfiguration;
			buildSettings = {
				ARCHS = "$(NATIVE_ARCH_ACTUAL)";
				ONLY_ACTIVE_ARCH = YES;
				SDKROOT = /Applications/Xcode.app/Contents/Developer/Platforms/MacOSX.platform/Developer/SDKs/MacOSX10.15.sdk;
				SYMROOT = "/Users/calderking/Documents/GitHub/module-volumetric-models-team-c/voxel_view/buildck/qbvoxel/build";
			};
			name = Debug;
		};
		36BC1D7EF5CD4155A3275F74 /* Release */ = {
			isa = XCBuildConfiguration;
			buildSettings = {
				ARCHS = "$(NATIVE_ARCH_ACTUAL)";
				ONLY_ACTIVE_ARCH = YES;
				SDKROOT = /Applications/Xcode.app/Contents/Developer/Platforms/MacOSX.platform/Developer/SDKs/MacOSX10.15.sdk;
				SYMROOT = "/Users/calderking/Documents/GitHub/module-volumetric-models-team-c/voxel_view/buildck/qbvoxel/build";
			};
			name = Release;
		};
		376665331B89422A8A9F1D2D /* Debug */ = {
			isa = XCBuildConfiguration;
			buildSettings = {
				COMBINE_HIDPI_IMAGES = YES;
				EXECUTABLE_PREFIX = lib;
				EXECUTABLE_SUFFIX = .a;
				GCC_GENERATE_DEBUGGING_SYMBOLS = YES;
				GCC_INLINES_ARE_PRIVATE_EXTERN = NO;
				GCC_OPTIMIZATION_LEVEL = 0;
				GCC_PREPROCESSOR_DEFINITIONS = ("'CMAKE_INTDIR=\"$(CONFIGURATION)$(EFFECTIVE_PLATFORM_NAME)\"'");
				GCC_SYMBOLS_PRIVATE_EXTERN = NO;
				HEADER_SEARCH_PATHS = ("/Users/calderking/Documents/GitHub/module-volumetric-models-team-c/voxel_view/glfw-3.2/deps","/Users/calderking/Documents/GitHub/module-volumetric-models-team-c/voxel_view/qbvoxel/include","/Users/calderking/Documents/GitHub/module-volumetric-models-team-c/voxel_view/glfw-3.2/include");
				INSTALL_PATH = "";
				LIBRARY_STYLE = STATIC;
				OTHER_CFLAGS = "   ";
				OTHER_LIBTOOLFLAGS = " ";
				OTHER_REZFLAGS = "";
				PRODUCT_NAME = qbvoxel;
				SECTORDER_FLAGS = "";
				SYMROOT = "/Users/calderking/Documents/GitHub/module-volumetric-models-team-c/voxel_view/buildck/qbvoxel";
				USE_HEADERMAP = NO;
				WARNING_CFLAGS = ("$(inherited)");
			};
			name = Debug;
		};
		3F3A960396B643FCAE67547A /* MinSizeRel */ = {
			isa = XCBuildConfiguration;
			buildSettings = {
				ARCHS = "$(NATIVE_ARCH_ACTUAL)";
				ONLY_ACTIVE_ARCH = YES;
				SDKROOT = /Applications/Xcode.app/Contents/Developer/Platforms/MacOSX.platform/Developer/SDKs/MacOSX10.15.sdk;
				SYMROOT = "/Users/calderking/Documents/GitHub/module-volumetric-models-team-c/voxel_view/buildck/qbvoxel/build";
			};
			name = MinSizeRel;
		};
		72370B507D4148048AA64DCB /* MinSizeRel */ = {
			isa = XCBuildConfiguration;
			buildSettings = {
				COMBINE_HIDPI_IMAGES = YES;
				GCC_GENERATE_DEBUGGING_SYMBOLS = YES;
				GCC_INLINES_ARE_PRIVATE_EXTERN = NO;
				GCC_OPTIMIZATION_LEVEL = 0;
				GCC_PREPROCESSOR_DEFINITIONS = ("'CMAKE_INTDIR=\"$(CONFIGURATION)$(EFFECTIVE_PLATFORM_NAME)\"'");
				GCC_SYMBOLS_PRIVATE_EXTERN = NO;
				INSTALL_PATH = "";
				OTHER_LDFLAGS = " ";
				OTHER_REZFLAGS = "";
				PRODUCT_NAME = ALL_BUILD;
				SECTORDER_FLAGS = "";
				SYMROOT = "/Users/calderking/Documents/GitHub/module-volumetric-models-team-c/voxel_view/buildck/qbvoxel";
				USE_HEADERMAP = NO;
				WARNING_CFLAGS = ("$(inherited)");
			};
			name = MinSizeRel;
		};
		7A11CA5AEC434A1D82BA5715 /* Debug */ = {
			isa = XCBuildConfiguration;
			buildSettings = {
				COMBINE_HIDPI_IMAGES = YES;
				GCC_GENERATE_DEBUGGING_SYMBOLS = YES;
				GCC_INLINES_ARE_PRIVATE_EXTERN = NO;
				GCC_OPTIMIZATION_LEVEL = 0;
				GCC_PREPROCESSOR_DEFINITIONS = ("'CMAKE_INTDIR=\"$(CONFIGURATION)$(EFFECTIVE_PLATFORM_NAME)\"'");
				GCC_SYMBOLS_PRIVATE_EXTERN = NO;
				INSTALL_PATH = "";
				OTHER_LDFLAGS = " ";
				OTHER_REZFLAGS = "";
				PRODUCT_NAME = ZERO_CHECK;
				SECTORDER_FLAGS = "";
				SYMROOT = "/Users/calderking/Documents/GitHub/module-volumetric-models-team-c/voxel_view/buildck/qbvoxel";
				USE_HEADERMAP = NO;
				WARNING_CFLAGS = ("$(inherited)");
			};
			name = Debug;
		};
		874F54B940164AB7AD6B966C /* Release */ = {
			isa = XCBuildConfiguration;
			buildSettings = {
				COMBINE_HIDPI_IMAGES = YES;
				GCC_GENERATE_DEBUGGING_SYMBOLS = YES;
				GCC_INLINES_ARE_PRIVATE_EXTERN = NO;
				GCC_OPTIMIZATION_LEVEL = 0;
				GCC_PREPROCESSOR_DEFINITIONS = ("'CMAKE_INTDIR=\"$(CONFIGURATION)$(EFFECTIVE_PLATFORM_NAME)\"'");
				GCC_SYMBOLS_PRIVATE_EXTERN = NO;
				INSTALL_PATH = "";
				OTHER_LDFLAGS = " ";
				OTHER_REZFLAGS = "";
				PRODUCT_NAME = ZERO_CHECK;
				SECTORDER_FLAGS = "";
				SYMROOT = "/Users/calderking/Documents/GitHub/module-volumetric-models-team-c/voxel_view/buildck/qbvoxel";
				USE_HEADERMAP = NO;
				WARNING_CFLAGS = ("$(inherited)");
			};
			name = Release;
		};
		979B76919C964D9BA22C191C /* Release */ = {
			isa = XCBuildConfiguration;
			buildSettings = {
				COMBINE_HIDPI_IMAGES = YES;
				EXECUTABLE_PREFIX = lib;
				EXECUTABLE_SUFFIX = .a;
				GCC_GENERATE_DEBUGGING_SYMBOLS = NO;
				GCC_INLINES_ARE_PRIVATE_EXTERN = NO;
				GCC_OPTIMIZATION_LEVEL = 3;
				GCC_PREPROCESSOR_DEFINITIONS = ("'CMAKE_INTDIR=\"$(CONFIGURATION)$(EFFECTIVE_PLATFORM_NAME)\"'");
				GCC_SYMBOLS_PRIVATE_EXTERN = NO;
				HEADER_SEARCH_PATHS = ("/Users/calderking/Documents/GitHub/module-volumetric-models-team-c/voxel_view/glfw-3.2/deps","/Users/calderking/Documents/GitHub/module-volumetric-models-team-c/voxel_view/qbvoxel/include","/Users/calderking/Documents/GitHub/module-volumetric-models-team-c/voxel_view/glfw-3.2/include");
				INSTALL_PATH = "";
				LIBRARY_STYLE = STATIC;
				OTHER_CFLAGS = "    -DNDEBUG ";
				OTHER_LIBTOOLFLAGS = " ";
				OTHER_REZFLAGS = "";
				PRODUCT_NAME = qbvoxel;
				SECTORDER_FLAGS = "";
				SYMROOT = "/Users/calderking/Documents/GitHub/module-volumetric-models-team-c/voxel_view/buildck/qbvoxel";
				USE_HEADERMAP = NO;
				WARNING_CFLAGS = ("$(inherited)");
			};
			name = Release;
		};
		A2ED72E92A4A4509A89F30FC /* RelWithDebInfo */ = {
			isa = XCBuildConfiguration;
			buildSettings = {
				COMBINE_HIDPI_IMAGES = YES;
				GCC_GENERATE_DEBUGGING_SYMBOLS = YES;
				GCC_INLINES_ARE_PRIVATE_EXTERN = NO;
				GCC_OPTIMIZATION_LEVEL = 0;
				GCC_PREPROCESSOR_DEFINITIONS = ("'CMAKE_INTDIR=\"$(CONFIGURATION)$(EFFECTIVE_PLATFORM_NAME)\"'");
				GCC_SYMBOLS_PRIVATE_EXTERN = NO;
				INSTALL_PATH = "";
				OTHER_LDFLAGS = " ";
				OTHER_REZFLAGS = "";
				PRODUCT_NAME = ALL_BUILD;
				SECTORDER_FLAGS = "";
				SYMROOT = "/Users/calderking/Documents/GitHub/module-volumetric-models-team-c/voxel_view/buildck/qbvoxel";
				USE_HEADERMAP = NO;
				WARNING_CFLAGS = ("$(inherited)");
			};
			name = RelWithDebInfo;
		};
		B2BB209DBCFB453C81355316 /* MinSizeRel */ = {
			isa = XCBuildConfiguration;
			buildSettings = {
				COMBINE_HIDPI_IMAGES = YES;
				GCC_GENERATE_DEBUGGING_SYMBOLS = YES;
				GCC_INLINES_ARE_PRIVATE_EXTERN = NO;
				GCC_OPTIMIZATION_LEVEL = 0;
				GCC_PREPROCESSOR_DEFINITIONS = ("'CMAKE_INTDIR=\"$(CONFIGURATION)$(EFFECTIVE_PLATFORM_NAME)\"'");
				GCC_SYMBOLS_PRIVATE_EXTERN = NO;
				INSTALL_PATH = "";
				OTHER_LDFLAGS = " ";
				OTHER_REZFLAGS = "";
				PRODUCT_NAME = ZERO_CHECK;
				SECTORDER_FLAGS = "";
				SYMROOT = "/Users/calderking/Documents/GitHub/module-volumetric-models-team-c/voxel_view/buildck/qbvoxel";
				USE_HEADERMAP = NO;
				WARNING_CFLAGS = ("$(inherited)");
			};
			name = MinSizeRel;
		};
		BA47A6CC7C964C248E66976C /* RelWithDebInfo */ = {
			isa = XCBuildConfiguration;
			buildSettings = {
				COMBINE_HIDPI_IMAGES = YES;
				EXECUTABLE_PREFIX = lib;
				EXECUTABLE_SUFFIX = .a;
				GCC_GENERATE_DEBUGGING_SYMBOLS = YES;
				GCC_INLINES_ARE_PRIVATE_EXTERN = NO;
				GCC_OPTIMIZATION_LEVEL = 2;
				GCC_PREPROCESSOR_DEFINITIONS = ("'CMAKE_INTDIR=\"$(CONFIGURATION)$(EFFECTIVE_PLATFORM_NAME)\"'");
				GCC_SYMBOLS_PRIVATE_EXTERN = NO;
				HEADER_SEARCH_PATHS = ("/Users/calderking/Documents/GitHub/module-volumetric-models-team-c/voxel_view/glfw-3.2/deps","/Users/calderking/Documents/GitHub/module-volumetric-models-team-c/voxel_view/qbvoxel/include","/Users/calderking/Documents/GitHub/module-volumetric-models-team-c/voxel_view/glfw-3.2/include");
				INSTALL_PATH = "";
				LIBRARY_STYLE = STATIC;
				OTHER_CFLAGS = "       -DNDEBUG ";
				OTHER_LIBTOOLFLAGS = " ";
				OTHER_REZFLAGS = "";
				PRODUCT_NAME = qbvoxel;
				SECTORDER_FLAGS = "";
				SYMROOT = "/Users/calderking/Documents/GitHub/module-volumetric-models-team-c/voxel_view/buildck/qbvoxel";
				USE_HEADERMAP = NO;
				WARNING_CFLAGS = ("$(inherited)");
			};
			name = RelWithDebInfo;
		};
		CD6B476C8D3F415DBCB1D5F5 /* Debug */ = {
			isa = XCBuildConfiguration;
			buildSettings = {
				COMBINE_HIDPI_IMAGES = YES;
				GCC_GENERATE_DEBUGGING_SYMBOLS = YES;
				GCC_INLINES_ARE_PRIVATE_EXTERN = NO;
				GCC_OPTIMIZATION_LEVEL = 0;
				GCC_PREPROCESSOR_DEFINITIONS = ("'CMAKE_INTDIR=\"$(CONFIGURATION)$(EFFECTIVE_PLATFORM_NAME)\"'");
				GCC_SYMBOLS_PRIVATE_EXTERN = NO;
				INSTALL_PATH = "";
				OTHER_LDFLAGS = " ";
				OTHER_REZFLAGS = "";
				PRODUCT_NAME = ALL_BUILD;
				SECTORDER_FLAGS = "";
				SYMROOT = "/Users/calderking/Documents/GitHub/module-volumetric-models-team-c/voxel_view/buildck/qbvoxel";
				USE_HEADERMAP = NO;
				WARNING_CFLAGS = ("$(inherited)");
			};
			name = Debug;
		};
		DB4D079EE20B49EEA2133872 /* MinSizeRel */ = {
			isa = XCBuildConfiguration;
			buildSettings = {
				COMBINE_HIDPI_IMAGES = YES;
				EXECUTABLE_PREFIX = lib;
				EXECUTABLE_SUFFIX = .a;
				GCC_GENERATE_DEBUGGING_SYMBOLS = NO;
				GCC_INLINES_ARE_PRIVATE_EXTERN = NO;
				GCC_OPTIMIZATION_LEVEL = s;
				GCC_PREPROCESSOR_DEFINITIONS = ("'CMAKE_INTDIR=\"$(CONFIGURATION)$(EFFECTIVE_PLATFORM_NAME)\"'");
				GCC_SYMBOLS_PRIVATE_EXTERN = NO;
				HEADER_SEARCH_PATHS = ("/Users/calderking/Documents/GitHub/module-volumetric-models-team-c/voxel_view/glfw-3.2/deps","/Users/calderking/Documents/GitHub/module-volumetric-models-team-c/voxel_view/qbvoxel/include","/Users/calderking/Documents/GitHub/module-volumetric-models-team-c/voxel_view/glfw-3.2/include");
				INSTALL_PATH = "";
				LIBRARY_STYLE = STATIC;
				OTHER_CFLAGS = "    -DNDEBUG ";
				OTHER_LIBTOOLFLAGS = " ";
				OTHER_REZFLAGS = "";
				PRODUCT_NAME = qbvoxel;
				SECTORDER_FLAGS = "";
				SYMROOT = "/Users/calderking/Documents/GitHub/module-volumetric-models-team-c/voxel_view/buildck/qbvoxel";
				USE_HEADERMAP = NO;
				WARNING_CFLAGS = ("$(inherited)");
			};
			name = MinSizeRel;
		};
/* End XCBuildConfiguration section */

/* Begin XCConfigurationList section */
		3284773D1AAC44ED951E8BCF /* Build configuration list for PBXProject "QBVoxel" */ = {
			isa = XCConfigurationList;
			buildConfigurations = (
				216EF8BC0EEF4088A9314CC8 /* Debug */,
				36BC1D7EF5CD4155A3275F74 /* Release */,
				3F3A960396B643FCAE67547A /* MinSizeRel */,
				0D0069E677AC41989DCE2FFA /* RelWithDebInfo */,
			);
			defaultConfigurationIsVisible = 0;
			defaultConfigurationName = Debug;
		};
		63E654F90B9A44558FC43C64 /* Build configuration list for PBXNativeTarget "qbvoxel" */ = {
			isa = XCConfigurationList;
			buildConfigurations = (
				376665331B89422A8A9F1D2D /* Debug */,
				979B76919C964D9BA22C191C /* Release */,
				DB4D079EE20B49EEA2133872 /* MinSizeRel */,
				BA47A6CC7C964C248E66976C /* RelWithDebInfo */,
			);
			defaultConfigurationIsVisible = 0;
			defaultConfigurationName = Debug;
		};
		731AFCB75B2C4519BF6F829D /* Build configuration list for PBXAggregateTarget "ALL_BUILD" */ = {
			isa = XCConfigurationList;
			buildConfigurations = (
				CD6B476C8D3F415DBCB1D5F5 /* Debug */,
				0F5D8614984F4E738EE1EE13 /* Release */,
				72370B507D4148048AA64DCB /* MinSizeRel */,
				A2ED72E92A4A4509A89F30FC /* RelWithDebInfo */,
			);
			defaultConfigurationIsVisible = 0;
			defaultConfigurationName = Debug;
		};
		DB5763EF369E422FB76DB6E5 /* Build configuration list for PBXAggregateTarget "ZERO_CHECK" */ = {
			isa = XCConfigurationList;
			buildConfigurations = (
				7A11CA5AEC434A1D82BA5715 /* Debug */,
				874F54B940164AB7AD6B966C /* Release */,
				B2BB209DBCFB453C81355316 /* MinSizeRel */,
				1B170E02E8C4482EAB4D85A5 /* RelWithDebInfo */,
			);
			defaultConfigurationIsVisible = 0;
			defaultConfigurationName = Debug;
		};
/* End XCConfigurationList section */
	};
	rootObject = DA310524752846D59F695958 /* Project object */;
}
